
Microsoft Visual Studio Solution File, Format Version 12.00
# Visual Studio 2013
VisualStudioVersion = 12.0.21005.1
MinimumVisualStudioVersion = 10.0.40219.1
Project("{FAE04EC0-301F-11D3-BF4B-00C04F79EFBC}") = "Project1", "Project1\Project1.csproj", "{4410BF53-534F-4A1D-B62B-5B87CFCC10F7}"
EndProject
Project("{FAE04EC0-301F-11D3-BF4B-00C04F79EFBC}") = "Project2", "Project2\Project2.csproj", "{67010B27-0B0F-428E-9401-6F0540FB3FBB}"
EndProject
Global
	GlobalSection(SolutionConfigurationPlatforms) = preSolution
		Debug|Any CPU = Debug|Any CPU
		Release|Any CPU = Release|Any CPU
	EndGlobalSection
	GlobalSection(ProjectConfigurationPlatforms) = postSolution
		{4410BF53-534F-4A1D-B62B-5B87CFCC10F7}.Debug|Any CPU.ActiveCfg = Debug|Any CPU
		{4410BF53-534F-4A1D-B62B-5B87CFCC10F7}.Debug|Any CPU.Build.0 = Debug|Any CPU
		{4410BF53-534F-4A1D-B62B-5B87CFCC10F7}.Release|Any CPU.ActiveCfg = Release|Any CPU
		{4410BF53-534F-4A1D-B62B-5B87CFCC10F7}.Release|Any CPU.Build.0 = Release|Any CPU
		{67010B27-0B0F-428E-9401-6F0540FB3FBB}.Debug|Any CPU.ActiveCfg = Debug|Any CPU
		{67010B27-0B0F-428E-9401-6F0540FB3FBB}.Debug|Any CPU.Build.0 = Debug|Any CPU
		{67010B27-0B0F-428E-9401-6F0540FB3FBB}.Release|Any CPU.ActiveCfg = Release|Any CPU
		{67010B27-0B0F-428E-9401-6F0540FB3FBB}.Release|Any CPU.Build.0 = Release|Any CPU
	EndGlobalSection
	GlobalSection(SolutionProperties) = preSolution
		HideSolutionNode = FALSE
	EndGlobalSection
EndGlobal
