
Microsoft Visual Studio Solution File, Format Version 12.00
# Visual Studio 2013
VisualStudioVersion = 12.0.21005.1
MinimumVisualStudioVersion = 10.0.40219.1
Project("{FAE04EC0-301F-11D3-BF4B-00C04F79EFBC}") = "homework7", "homework7\homework7.csproj", "{4A63B383-3BEF-48F8-A06A-10E2FD1A2C36}"
EndProject
Project("{FAE04EC0-301F-11D3-BF4B-00C04F79EFBC}") = "WindowsFormsApplication1", "WindowsFormsApplication1\WindowsFormsApplication1.csproj", "{A4326EB5-8B38-4D41-B5DE-6462D35E67C7}"
EndProject
Project("{FAE04EC0-301F-11D3-BF4B-00C04F79EFBC}") = "TransformTest", "TransformTest\TransformTest.csproj", "{0B816723-6D90-4454-A417-7EFB861A539E}"
EndProject
Global
	GlobalSection(SolutionConfigurationPlatforms) = preSolution
		Debug|Any CPU = Debug|Any CPU
		Release|Any CPU = Release|Any CPU
	EndGlobalSection
	GlobalSection(ProjectConfigurationPlatforms) = postSolution
		{4A63B383-3BEF-48F8-A06A-10E2FD1A2C36}.Debug|Any CPU.ActiveCfg = Debug|Any CPU
		{4A63B383-3BEF-48F8-A06A-10E2FD1A2C36}.Debug|Any CPU.Build.0 = Debug|Any CPU
		{4A63B383-3BEF-48F8-A06A-10E2FD1A2C36}.Release|Any CPU.ActiveCfg = Release|Any CPU
		{4A63B383-3BEF-48F8-A06A-10E2FD1A2C36}.Release|Any CPU.Build.0 = Release|Any CPU
		{A4326EB5-8B38-4D41-B5DE-6462D35E67C7}.Debug|Any CPU.ActiveCfg = Debug|Any CPU
		{A4326EB5-8B38-4D41-B5DE-6462D35E67C7}.Debug|Any CPU.Build.0 = Debug|Any CPU
		{A4326EB5-8B38-4D41-B5DE-6462D35E67C7}.Release|Any CPU.ActiveCfg = Release|Any CPU
		{A4326EB5-8B38-4D41-B5DE-6462D35E67C7}.Release|Any CPU.Build.0 = Release|Any CPU
		{0B816723-6D90-4454-A417-7EFB861A539E}.Debug|Any CPU.ActiveCfg = Debug|Any CPU
		{0B816723-6D90-4454-A417-7EFB861A539E}.Debug|Any CPU.Build.0 = Debug|Any CPU
		{0B816723-6D90-4454-A417-7EFB861A539E}.Release|Any CPU.ActiveCfg = Release|Any CPU
		{0B816723-6D90-4454-A417-7EFB861A539E}.Release|Any CPU.Build.0 = Release|Any CPU
	EndGlobalSection
	GlobalSection(SolutionProperties) = preSolution
		HideSolutionNode = FALSE
	EndGlobalSection
EndGlobal
